
Microsoft Visual Studio Solution File, Format Version 12.00
# Visual Studio 15
VisualStudioVersion = 15.0.28010.2041
MinimumVisualStudioVersion = 10.0.40219.1
Project("{FAE04EC0-301F-11D3-BF4B-00C04F79EFBC}") = "appwithtool.Android", "appwithtool\appwithtool.Android\appwithtool.Android.csproj", "{24CE3C36-16B9-426D-AA0C-5961ECF8D88C}"
EndProject
Project("{FAE04EC0-301F-11D3-BF4B-00C04F79EFBC}") = "appwithtool.iOS", "appwithtool\appwithtool.iOS\appwithtool.iOS.csproj", "{29BDDFE4-1565-4DE6-B800-1CB6F96D1C61}"
EndProject
Project("{FAE04EC0-301F-11D3-BF4B-00C04F79EFBC}") = "appwithtool", "appwithtool\appwithtool\appwithtool.csproj", "{E02D956C-C037-4B92-A7BE-F6552789B395}"
EndProject
Global
	GlobalSection(SolutionConfigurationPlatforms) = preSolution
		Debug|Any CPU = Debug|Any CPU
		Debug|iPhone = Debug|iPhone
		Debug|iPhoneSimulator = Debug|iPhoneSimulator
		Release|Any CPU = Release|Any CPU
		Release|iPhone = Release|iPhone
		Release|iPhoneSimulator = Release|iPhoneSimulator
	EndGlobalSection
	GlobalSection(ProjectConfigurationPlatforms) = postSolution
		{24CE3C36-16B9-426D-AA0C-5961ECF8D88C}.Debug|Any CPU.ActiveCfg = Debug|Any CPU
		{24CE3C36-16B9-426D-AA0C-5961ECF8D88C}.Debug|Any CPU.Build.0 = Debug|Any CPU
		{24CE3C36-16B9-426D-AA0C-5961ECF8D88C}.Debug|Any CPU.Deploy.0 = Debug|Any CPU
		{24CE3C36-16B9-426D-AA0C-5961ECF8D88C}.Debug|iPhone.ActiveCfg = Debug|Any CPU
		{24CE3C36-16B9-426D-AA0C-5961ECF8D88C}.Debug|iPhone.Build.0 = Debug|Any CPU
		{24CE3C36-16B9-426D-AA0C-5961ECF8D88C}.Debug|iPhone.Deploy.0 = Debug|Any CPU
		{24CE3C36-16B9-426D-AA0C-5961ECF8D88C}.Debug|iPhoneSimulator.ActiveCfg = Debug|Any CPU
		{24CE3C36-16B9-426D-AA0C-5961ECF8D88C}.Debug|iPhoneSimulator.Build.0 = Debug|Any CPU
		{24CE3C36-16B9-426D-AA0C-5961ECF8D88C}.Debug|iPhoneSimulator.Deploy.0 = Debug|Any CPU
		{24CE3C36-16B9-426D-AA0C-5961ECF8D88C}.Release|Any CPU.ActiveCfg = Release|Any CPU
		{24CE3C36-16B9-426D-AA0C-5961ECF8D88C}.Release|Any CPU.Build.0 = Release|Any CPU
		{24CE3C36-16B9-426D-AA0C-5961ECF8D88C}.Release|Any CPU.Deploy.0 = Release|Any CPU
		{24CE3C36-16B9-426D-AA0C-5961ECF8D88C}.Release|iPhone.ActiveCfg = Release|Any CPU
		{24CE3C36-16B9-426D-AA0C-5961ECF8D88C}.Release|iPhone.Build.0 = Release|Any CPU
		{24CE3C36-16B9-426D-AA0C-5961ECF8D88C}.Release|iPhone.Deploy.0 = Release|Any CPU
		{24CE3C36-16B9-426D-AA0C-5961ECF8D88C}.Release|iPhoneSimulator.ActiveCfg = Release|Any CPU
		{24CE3C36-16B9-426D-AA0C-5961ECF8D88C}.Release|iPhoneSimulator.Build.0 = Release|Any CPU
		{24CE3C36-16B9-426D-AA0C-5961ECF8D88C}.Release|iPhoneSimulator.Deploy.0 = Release|Any CPU
		{29BDDFE4-1565-4DE6-B800-1CB6F96D1C61}.Debug|Any CPU.ActiveCfg = Debug|iPhoneSimulator
		{29BDDFE4-1565-4DE6-B800-1CB6F96D1C61}.Debug|Any CPU.Build.0 = Debug|iPhoneSimulator
		{29BDDFE4-1565-4DE6-B800-1CB6F96D1C61}.Debug|Any CPU.Deploy.0 = Debug|iPhoneSimulator
		{29BDDFE4-1565-4DE6-B800-1CB6F96D1C61}.Debug|iPhone.ActiveCfg = Debug|iPhone
		{29BDDFE4-1565-4DE6-B800-1CB6F96D1C61}.Debug|iPhone.Build.0 = Debug|iPhone
		{29BDDFE4-1565-4DE6-B800-1CB6F96D1C61}.Debug|iPhone.Deploy.0 = Debug|iPhone
		{29BDDFE4-1565-4DE6-B800-1CB6F96D1C61}.Debug|iPhoneSimulator.ActiveCfg = Debug|iPhoneSimulator
		{29BDDFE4-1565-4DE6-B800-1CB6F96D1C61}.Debug|iPhoneSimulator.Build.0 = Debug|iPhoneSimulator
		{29BDDFE4-1565-4DE6-B800-1CB6F96D1C61}.Debug|iPhoneSimulator.Deploy.0 = Debug|iPhoneSimulator
		{29BDDFE4-1565-4DE6-B800-1CB6F96D1C61}.Release|Any CPU.ActiveCfg = Release|iPhone
		{29BDDFE4-1565-4DE6-B800-1CB6F96D1C61}.Release|Any CPU.Build.0 = Release|iPhone
		{29BDDFE4-1565-4DE6-B800-1CB6F96D1C61}.Release|Any CPU.Deploy.0 = Release|iPhone
		{29BDDFE4-1565-4DE6-B800-1CB6F96D1C61}.Release|iPhone.ActiveCfg = Release|iPhone
		{29BDDFE4-1565-4DE6-B800-1CB6F96D1C61}.Release|iPhone.Build.0 = Release|iPhone
		{29BDDFE4-1565-4DE6-B800-1CB6F96D1C61}.Release|iPhone.Deploy.0 = Release|iPhone
		{29BDDFE4-1565-4DE6-B800-1CB6F96D1C61}.Release|iPhoneSimulator.ActiveCfg = Release|iPhoneSimulator
		{29BDDFE4-1565-4DE6-B800-1CB6F96D1C61}.Release|iPhoneSimulator.Build.0 = Release|iPhoneSimulator
		{29BDDFE4-1565-4DE6-B800-1CB6F96D1C61}.Release|iPhoneSimulator.Deploy.0 = Release|iPhoneSimulator
		{E02D956C-C037-4B92-A7BE-F6552789B395}.Debug|Any CPU.ActiveCfg = Debug|Any CPU
		{E02D956C-C037-4B92-A7BE-F6552789B395}.Debug|Any CPU.Build.0 = Debug|Any CPU
		{E02D956C-C037-4B92-A7BE-F6552789B395}.Debug|Any CPU.Deploy.0 = Debug|Any CPU
		{E02D956C-C037-4B92-A7BE-F6552789B395}.Debug|iPhone.ActiveCfg = Debug|Any CPU
		{E02D956C-C037-4B92-A7BE-F6552789B395}.Debug|iPhone.Build.0 = Debug|Any CPU
		{E02D956C-C037-4B92-A7BE-F6552789B395}.Debug|iPhone.Deploy.0 = Debug|Any CPU
		{E02D956C-C037-4B92-A7BE-F6552789B395}.Debug|iPhoneSimulator.ActiveCfg = Debug|Any CPU
		{E02D956C-C037-4B92-A7BE-F6552789B395}.Debug|iPhoneSimulator.Build.0 = Debug|Any CPU
		{E02D956C-C037-4B92-A7BE-F6552789B395}.Debug|iPhoneSimulator.Deploy.0 = Debug|Any CPU
		{E02D956C-C037-4B92-A7BE-F6552789B395}.Release|Any CPU.ActiveCfg = Release|Any CPU
		{E02D956C-C037-4B92-A7BE-F6552789B395}.Release|Any CPU.Build.0 = Release|Any CPU
		{E02D956C-C037-4B92-A7BE-F6552789B395}.Release|Any CPU.Deploy.0 = Release|Any CPU
		{E02D956C-C037-4B92-A7BE-F6552789B395}.Release|iPhone.ActiveCfg = Release|Any CPU
		{E02D956C-C037-4B92-A7BE-F6552789B395}.Release|iPhone.Build.0 = Release|Any CPU
		{E02D956C-C037-4B92-A7BE-F6552789B395}.Release|iPhone.Deploy.0 = Release|Any CPU
		{E02D956C-C037-4B92-A7BE-F6552789B395}.Release|iPhoneSimulator.ActiveCfg = Release|Any CPU
		{E02D956C-C037-4B92-A7BE-F6552789B395}.Release|iPhoneSimulator.Build.0 = Release|Any CPU
		{E02D956C-C037-4B92-A7BE-F6552789B395}.Release|iPhoneSimulator.Deploy.0 = Release|Any CPU
	EndGlobalSection
	GlobalSection(SolutionProperties) = preSolution
		HideSolutionNode = FALSE
	EndGlobalSection
	GlobalSection(ExtensibilityGlobals) = postSolution
		SolutionGuid = {37F4F2CA-A7E0-48D3-8E31-A9CE7C1AB25D}
	EndGlobalSection
EndGlobal
